
Microsoft Visual Studio Solution File, Format Version 12.00
# Visual Studio 2013
VisualStudioVersion = 12.0.31101.0
MinimumVisualStudioVersion = 10.0.40219.1
Project("{FAE04EC0-301F-11D3-BF4B-00C04F79EFBC}") = "DynamicHash", "DynamicHash\DynamicHash.csproj", "{141FA7E9-49CE-4519-AC15-49A31CF7B105}"
EndProject
Project("{FAE04EC0-301F-11D3-BF4B-00C04F79EFBC}") = "DynamicHashTests", "DynamicHashTests\DynamicHashTests.csproj", "{55CBF00A-1B29-4D5A-9B5D-C65A70180DA0}"
EndProject
Global
	GlobalSection(SolutionConfigurationPlatforms) = preSolution
		Debug|Any CPU = Debug|Any CPU
		Debug|Mixed Platforms = Debug|Mixed Platforms
		Debug|x86 = Debug|x86
		Release|Any CPU = Release|Any CPU
		Release|Mixed Platforms = Release|Mixed Platforms
		Release|x86 = Release|x86
	EndGlobalSection
	GlobalSection(ProjectConfigurationPlatforms) = postSolution
		{141FA7E9-49CE-4519-AC15-49A31CF7B105}.Debug|Any CPU.ActiveCfg = Debug|Any CPU
		{141FA7E9-49CE-4519-AC15-49A31CF7B105}.Debug|Any CPU.Build.0 = Debug|Any CPU
		{141FA7E9-49CE-4519-AC15-49A31CF7B105}.Debug|Mixed Platforms.ActiveCfg = Debug|Any CPU
		{141FA7E9-49CE-4519-AC15-49A31CF7B105}.Debug|Mixed Platforms.Build.0 = Debug|Any CPU
		{141FA7E9-49CE-4519-AC15-49A31CF7B105}.Debug|x86.ActiveCfg = Debug|Any CPU
		{141FA7E9-49CE-4519-AC15-49A31CF7B105}.Release|Any CPU.ActiveCfg = Release|Any CPU
		{141FA7E9-49CE-4519-AC15-49A31CF7B105}.Release|Any CPU.Build.0 = Release|Any CPU
		{141FA7E9-49CE-4519-AC15-49A31CF7B105}.Release|Mixed Platforms.ActiveCfg = Release|Any CPU
		{141FA7E9-49CE-4519-AC15-49A31CF7B105}.Release|Mixed Platforms.Build.0 = Release|Any CPU
		{141FA7E9-49CE-4519-AC15-49A31CF7B105}.Release|x86.ActiveCfg = Release|Any CPU
		{55CBF00A-1B29-4D5A-9B5D-C65A70180DA0}.Debug|Any CPU.ActiveCfg = Debug|Any CPU
		{55CBF00A-1B29-4D5A-9B5D-C65A70180DA0}.Debug|Any CPU.Build.0 = Debug|Any CPU
		{55CBF00A-1B29-4D5A-9B5D-C65A70180DA0}.Debug|Mixed Platforms.ActiveCfg = Debug|Any CPU
		{55CBF00A-1B29-4D5A-9B5D-C65A70180DA0}.Debug|Mixed Platforms.Build.0 = Debug|Any CPU
		{55CBF00A-1B29-4D5A-9B5D-C65A70180DA0}.Debug|x86.ActiveCfg = Debug|Any CPU
		{55CBF00A-1B29-4D5A-9B5D-C65A70180DA0}.Release|Any CPU.ActiveCfg = Release|Any CPU
		{55CBF00A-1B29-4D5A-9B5D-C65A70180DA0}.Release|Any CPU.Build.0 = Release|Any CPU
		{55CBF00A-1B29-4D5A-9B5D-C65A70180DA0}.Release|Mixed Platforms.ActiveCfg = Release|Any CPU
		{55CBF00A-1B29-4D5A-9B5D-C65A70180DA0}.Release|Mixed Platforms.Build.0 = Release|Any CPU
		{55CBF00A-1B29-4D5A-9B5D-C65A70180DA0}.Release|x86.ActiveCfg = Release|Any CPU
	EndGlobalSection
	GlobalSection(SolutionProperties) = preSolution
		HideSolutionNode = FALSE
	EndGlobalSection
EndGlobal
