
Microsoft Visual Studio Solution File, Format Version 11.00
# Visual Studio 2010
Project("{FAE04EC0-301F-11D3-BF4B-00C04F79EFBC}") = "DynamicHashTests", "DynamicHashTests\DynamicHashTests.csproj", "{10C1E460-9BE2-4BED-96AD-219E6A24A4AF}"
EndProject
Project("{FAE04EC0-301F-11D3-BF4B-00C04F79EFBC}") = "DynamicHash", "DynamicHash\DynamicHash.csproj", "{141FA7E9-49CE-4519-AC15-49A31CF7B105}"
EndProject
Global
	GlobalSection(SolutionConfigurationPlatforms) = preSolution
		Debug|Any CPU = Debug|Any CPU
		Debug|Mixed Platforms = Debug|Mixed Platforms
		Debug|x86 = Debug|x86
		Release|Any CPU = Release|Any CPU
		Release|Mixed Platforms = Release|Mixed Platforms
		Release|x86 = Release|x86
	EndGlobalSection
	GlobalSection(ProjectConfigurationPlatforms) = postSolution
		{10C1E460-9BE2-4BED-96AD-219E6A24A4AF}.Debug|Any CPU.ActiveCfg = Debug|x86
		{10C1E460-9BE2-4BED-96AD-219E6A24A4AF}.Debug|Mixed Platforms.ActiveCfg = Debug|x86
		{10C1E460-9BE2-4BED-96AD-219E6A24A4AF}.Debug|Mixed Platforms.Build.0 = Debug|x86
		{10C1E460-9BE2-4BED-96AD-219E6A24A4AF}.Debug|x86.ActiveCfg = Debug|x86
		{10C1E460-9BE2-4BED-96AD-219E6A24A4AF}.Debug|x86.Build.0 = Debug|x86
		{10C1E460-9BE2-4BED-96AD-219E6A24A4AF}.Release|Any CPU.ActiveCfg = Release|x86
		{10C1E460-9BE2-4BED-96AD-219E6A24A4AF}.Release|Mixed Platforms.ActiveCfg = Release|x86
		{10C1E460-9BE2-4BED-96AD-219E6A24A4AF}.Release|Mixed Platforms.Build.0 = Release|x86
		{10C1E460-9BE2-4BED-96AD-219E6A24A4AF}.Release|x86.ActiveCfg = Release|x86
		{10C1E460-9BE2-4BED-96AD-219E6A24A4AF}.Release|x86.Build.0 = Release|x86
		{141FA7E9-49CE-4519-AC15-49A31CF7B105}.Debug|Any CPU.ActiveCfg = Debug|Any CPU
		{141FA7E9-49CE-4519-AC15-49A31CF7B105}.Debug|Any CPU.Build.0 = Debug|Any CPU
		{141FA7E9-49CE-4519-AC15-49A31CF7B105}.Debug|Mixed Platforms.ActiveCfg = Debug|Any CPU
		{141FA7E9-49CE-4519-AC15-49A31CF7B105}.Debug|Mixed Platforms.Build.0 = Debug|Any CPU
		{141FA7E9-49CE-4519-AC15-49A31CF7B105}.Debug|x86.ActiveCfg = Debug|Any CPU
		{141FA7E9-49CE-4519-AC15-49A31CF7B105}.Release|Any CPU.ActiveCfg = Release|Any CPU
		{141FA7E9-49CE-4519-AC15-49A31CF7B105}.Release|Any CPU.Build.0 = Release|Any CPU
		{141FA7E9-49CE-4519-AC15-49A31CF7B105}.Release|Mixed Platforms.ActiveCfg = Release|Any CPU
		{141FA7E9-49CE-4519-AC15-49A31CF7B105}.Release|Mixed Platforms.Build.0 = Release|Any CPU
		{141FA7E9-49CE-4519-AC15-49A31CF7B105}.Release|x86.ActiveCfg = Release|Any CPU
	EndGlobalSection
	GlobalSection(SolutionProperties) = preSolution
		HideSolutionNode = FALSE
	EndGlobalSection
EndGlobal
